// !$*UTF8*$!
{
	archiveVersion = 1;
	classes = {
	};
	objectVersion = 46;
	objects = {

/* Begin PBXBuildFile section */
		1ACC2FBB1A0A7EA50036C063 /* AppDelegate.swift in Sources */ = {isa = PBXBuildFile; fileRef = 1ACC2FBA1A0A7EA50036C063 /* AppDelegate.swift */; };
		1ACC2FBD1A0A7EA50036C063 /* ViewController.swift in Sources */ = {isa = PBXBuildFile; fileRef = 1ACC2FBC1A0A7EA50036C063 /* ViewController.swift */; };
		1ACC2FC01A0A7EA50036C063 /* Main.storyboard in Resources */ = {isa = PBXBuildFile; fileRef = 1ACC2FBE1A0A7EA50036C063 /* Main.storyboard */; };
		1ACC2FC21A0A7EA50036C063 /* Images.xcassets in Resources */ = {isa = PBXBuildFile; fileRef = 1ACC2FC11A0A7EA50036C063 /* Images.xcassets */; };
		1ACC2FC51A0A7EA50036C063 /* LaunchScreen.xib in Resources */ = {isa = PBXBuildFile; fileRef = 1ACC2FC31A0A7EA50036C063 /* LaunchScreen.xib */; };
		1ACC2FD11A0A7EA60036C063 /* topadmin4SwiftTests.swift in Sources */ = {isa = PBXBuildFile; fileRef = 1ACC2FD01A0A7EA60036C063 /* topadmin4SwiftTests.swift */; };
/* End PBXBuildFile section */

/* Begin PBXContainerItemProxy section */
		1ACC2FCB1A0A7EA60036C063 /* PBXContainerItemProxy */ = {
			isa = PBXContainerItemProxy;
			containerPortal = 1ACC2FAD1A0A7EA50036C063 /* Project object */;
			proxyType = 1;
			remoteGlobalIDString = 1ACC2FB41A0A7EA50036C063;
			remoteInfo = topadmin4Swift;
		};
/* End PBXContainerItemProxy section */

/* Begin PBXFileReference section */
		1ACC2FB51A0A7EA50036C063 /* topadmin4Swift.app */ = {isa = PBXFileReference; explicitFileType = wrapper.application; includeInIndex = 0; path = topadmin4Swift.app; sourceTree = BUILT_PRODUCTS_DIR; };
		1ACC2FB91A0A7EA50036C063 /* Info.plist */ = {isa = PBXFileReference; lastKnownFileType = text.plist.xml; path = Info.plist; sourceTree = "<group>"; };
		1ACC2FBA1A0A7EA50036C063 /* AppDelegate.swift */ = {isa = PBXFileReference; lastKnownFileType = sourcecode.swift; path = AppDelegate.swift; sourceTree = "<group>"; };
		1ACC2FBC1A0A7EA50036C063 /* ViewController.swift */ = {isa = PBXFileReference; lastKnownFileType = sourcecode.swift; path = ViewController.swift; sourceTree = "<group>"; };
		1ACC2FBF1A0A7EA50036C063 /* Base */ = {isa = PBXFileReference; lastKnownFileType = file.storyboard; name = Base; path = Base.lproj/Main.storyboard; sourceTree = "<group>"; };
		1ACC2FC11A0A7EA50036C063 /* Images.xcassets */ = {isa = PBXFileReference; lastKnownFileType = folder.assetcatalog; path = Images.xcassets; sourceTree = "<group>"; };
		1ACC2FC41A0A7EA50036C063 /* Base */ = {isa = PBXFileReference; lastKnownFileType = file.xib; name = Base; path = Base.lproj/LaunchScreen.xib; sourceTree = "<group>"; };
		1ACC2FCA1A0A7EA60036C063 /* topadmin4SwiftTests.xctest */ = {isa = PBXFileReference; explicitFileType = wrapper.cfbundle; includeInIndex = 0; path = topadmin4SwiftTests.xctest; sourceTree = BUILT_PRODUCTS_DIR; };
		1ACC2FCF1A0A7EA60036C063 /* Info.plist */ = {isa = PBXFileReference; lastKnownFileType = text.plist.xml; path = Info.plist; sourceTree = "<group>"; };
		1ACC2FD01A0A7EA60036C063 /* topadmin4SwiftTests.swift */ = {isa = PBXFileReference; lastKnownFileType = sourcecode.swift; path = topadmin4SwiftTests.swift; sourceTree = "<group>"; };
/* End PBXFileReference section */

/* Begin PBXFrameworksBuildPhase section */
		1ACC2FB21A0A7EA50036C063 /* Frameworks */ = {
			isa = PBXFrameworksBuildPhase;
			buildActionMask = 2147483647;
			files = (
			);
			runOnlyForDeploymentPostprocessing = 0;
		};
		1ACC2FC71A0A7EA60036C063 /* Frameworks */ = {
			isa = PBXFrameworksBuildPhase;
			buildActionMask = 2147483647;
			files = (
			);
			runOnlyForDeploymentPostprocessing = 0;
		};
/* End PBXFrameworksBuildPhase section */

/* Begin PBXGroup section */
		1ACC2FAC1A0A7EA50036C063 = {
			isa = PBXGroup;
			children = (
				1ACC2FB71A0A7EA50036C063 /* topadmin4Swift */,
				1ACC2FCD1A0A7EA60036C063 /* topadmin4SwiftTests */,
				1ACC2FB61A0A7EA50036C063 /* Products */,
			);
			sourceTree = "<group>";
		};
		1ACC2FB61A0A7EA50036C063 /* Products */ = {
			isa = PBXGroup;
			children = (
				1ACC2FB51A0A7EA50036C063 /* topadmin4Swift.app */,
				1ACC2FCA1A0A7EA60036C063 /* topadmin4SwiftTests.xctest */,
			);
			name = Products;
			sourceTree = "<group>";
		};
		1ACC2FB71A0A7EA50036C063 /* topadmin4Swift */ = {
			isa = PBXGroup;
			children = (
				1ACC2FBA1A0A7EA50036C063 /* AppDelegate.swift */,
				1ACC2FBC1A0A7EA50036C063 /* ViewController.swift */,
				1ACC2FBE1A0A7EA50036C063 /* Main.storyboard */,
				1ACC2FC11A0A7EA50036C063 /* Images.xcassets */,
				1ACC2FC31A0A7EA50036C063 /* LaunchScreen.xib */,
				1ACC2FB81A0A7EA50036C063 /* Supporting Files */,
			);
			path = topadmin4Swift;
			sourceTree = "<group>";
		};
		1ACC2FB81A0A7EA50036C063 /* Supporting Files */ = {
			isa = PBXGroup;
			children = (
				1ACC2FB91A0A7EA50036C063 /* Info.plist */,
			);
			name = "Supporting Files";
			sourceTree = "<group>";
		};
		1ACC2FCD1A0A7EA60036C063 /* topadmin4SwiftTests */ = {
			isa = PBXGroup;
			children = (
				1ACC2FD01A0A7EA60036C063 /* topadmin4SwiftTests.swift */,
				1ACC2FCE1A0A7EA60036C063 /* Supporting Files */,
			);
			path = topadmin4SwiftTests;
			sourceTree = "<group>";
		};
		1ACC2FCE1A0A7EA60036C063 /* Supporting Files */ = {
			isa = PBXGroup;
			children = (
				1ACC2FCF1A0A7EA60036C063 /* Info.plist */,
			);
			name = "Supporting Files";
			sourceTree = "<group>";
		};
/* End PBXGroup section */

/* Begin PBXNativeTarget section */
		1ACC2FB41A0A7EA50036C063 /* topadmin4Swift */ = {
			isa = PBXNativeTarget;
			buildConfigurationList = 1ACC2FD41A0A7EA60036C063 /* Build configuration list for PBXNativeTarget "topadmin4Swift" */;
			buildPhases = (
				1ACC2FB11A0A7EA50036C063 /* Sources */,
				1ACC2FB21A0A7EA50036C063 /* Frameworks */,
				1ACC2FB31A0A7EA50036C063 /* Resources */,
			);
			buildRules = (
			);
			dependencies = (
			);
			name = topadmin4Swift;
			productName = topadmin4Swift;
			productReference = 1ACC2FB51A0A7EA50036C063 /* topadmin4Swift.app */;
			productType = "com.apple.product-type.application";
		};
		1ACC2FC91A0A7EA60036C063 /* topadmin4SwiftTests */ = {
			isa = PBXNativeTarget;
			buildConfigurationList = 1ACC2FD71A0A7EA60036C063 /* Build configuration list for PBXNativeTarget "topadmin4SwiftTests" */;
			buildPhases = (
				1ACC2FC61A0A7EA60036C063 /* Sources */,
				1ACC2FC71A0A7EA60036C063 /* Frameworks */,
				1ACC2FC81A0A7EA60036C063 /* Resources */,
			);
			buildRules = (
			);
			dependencies = (
				1ACC2FCC1A0A7EA60036C063 /* PBXTargetDependency */,
			);
			name = topadmin4SwiftTests;
			productName = topadmin4SwiftTests;
			productReference = 1ACC2FCA1A0A7EA60036C063 /* topadmin4SwiftTests.xctest */;
			productType = "com.apple.product-type.bundle.unit-test";
		};
/* End PBXNativeTarget section */

/* Begin PBXProject section */
		1ACC2FAD1A0A7EA50036C063 /* Project object */ = {
			isa = PBXProject;
			attributes = {
				LastUpgradeCheck = 0610;
				ORGANIZATIONNAME = woowen;
				TargetAttributes = {
					1ACC2FB41A0A7EA50036C063 = {
						CreatedOnToolsVersion = 6.1;
					};
					1ACC2FC91A0A7EA60036C063 = {
						CreatedOnToolsVersion = 6.1;
						TestTargetID = 1ACC2FB41A0A7EA50036C063;
					};
				};
			};
			buildConfigurationList = 1ACC2FB01A0A7EA50036C063 /* Build configuration list for PBXProject "topadmin4Swift" */;
			compatibilityVersion = "Xcode 3.2";
			developmentRegion = English;
			hasScannedForEncodings = 0;
			knownRegions = (
				en,
				Base,
			);
			mainGroup = 1ACC2FAC1A0A7EA50036C063;
			productRefGroup = 1ACC2FB61A0A7EA50036C063 /* Products */;
			projectDirPath = "";
			projectRoot = "";
			targets = (
				1ACC2FB41A0A7EA50036C063 /* topadmin4Swift */,
				1ACC2FC91A0A7EA60036C063 /* topadmin4SwiftTests */,
			);
		};
/* End PBXProject section */

/* Begin PBXResourcesBuildPhase section */
		1ACC2FB31A0A7EA50036C063 /* Resources */ = {
			isa = PBXResourcesBuildPhase;
			buildActionMask = 2147483647;
			files = (
				1ACC2FC01A0A7EA50036C063 /* Main.storyboard in Resources */,
				1ACC2FC51A0A7EA50036C063 /* LaunchScreen.xib in Resources */,
				1ACC2FC21A0A7EA50036C063 /* Images.xcassets in Resources */,
			);
			runOnlyForDeploymentPostprocessing = 0;
		};
		1ACC2FC81A0A7EA60036C063 /* Resources */ = {
			isa = PBXResourcesBuildPhase;
			buildActionMask = 2147483647;
			files = (
			);
			runOnlyForDeploymentPostprocessing = 0;
		};
/* End PBXResourcesBuildPhase section */

/* Begin PBXSourcesBuildPhase section */
		1ACC2FB11A0A7EA50036C063 /* Sources */ = {
			isa = PBXSourcesBuildPhase;
			buildActionMask = 2147483647;
			files = (
				1ACC2FBD1A0A7EA50036C063 /* ViewController.swift in Sources */,
				1ACC2FBB1A0A7EA50036C063 /* AppDelegate.swift in Sources */,
			);
			runOnlyForDeploymentPostprocessing = 0;
		};
		1ACC2FC61A0A7EA60036C063 /* Sources */ = {
			isa = PBXSourcesBuildPhase;
			buildActionMask = 2147483647;
			files = (
				1ACC2FD11A0A7EA60036C063 /* topadmin4SwiftTests.swift in Sources */,
			);
			runOnlyForDeploymentPostprocessing = 0;
		};
/* End PBXSourcesBuildPhase section */

/* Begin PBXTargetDependency section */
		1ACC2FCC1A0A7EA60036C063 /* PBXTargetDependency */ = {
			isa = PBXTargetDependency;
			target = 1ACC2FB41A0A7EA50036C063 /* topadmin4Swift */;
			targetProxy = 1ACC2FCB1A0A7EA60036C063 /* PBXContainerItemProxy */;
		};
/* End PBXTargetDependency section */

/* Begin PBXVariantGroup section */
		1ACC2FBE1A0A7EA50036C063 /* Main.storyboard */ = {
			isa = PBXVariantGroup;
			children = (
				1ACC2FBF1A0A7EA50036C063 /* Base */,
			);
			name = Main.storyboard;
			sourceTree = "<group>";
		};
		1ACC2FC31A0A7EA50036C063 /* LaunchScreen.xib */ = {
			isa = PBXVariantGroup;
			children = (
				1ACC2FC41A0A7EA50036C063 /* Base */,
			);
			name = LaunchScreen.xib;
			sourceTree = "<group>";
		};
/* End PBXVariantGroup section */

/* Begin XCBuildConfiguration section */
		1ACC2FD21A0A7EA60036C063 /* Debug */ = {
			isa = XCBuildConfiguration;
			buildSettings = {
				ALWAYS_SEARCH_USER_PATHS = NO;
				CLANG_CXX_LANGUAGE_STANDARD = "gnu++0x";
				CLANG_CXX_LIBRARY = "libc++";
				CLANG_ENABLE_MODULES = YES;
				CLANG_ENABLE_OBJC_ARC = YES;
				CLANG_WARN_BOOL_CONVERSION = YES;
				CLANG_WARN_CONSTANT_CONVERSION = YES;
				CLANG_WARN_DIRECT_OBJC_ISA_USAGE = YES_ERROR;
				CLANG_WARN_EMPTY_BODY = YES;
				CLANG_WARN_ENUM_CONVERSION = YES;
				CLANG_WARN_INT_CONVERSION = YES;
				CLANG_WARN_OBJC_ROOT_CLASS = YES_ERROR;
				CLANG_WARN_UNREACHABLE_CODE = YES;
				CLANG_WARN__DUPLICATE_METHOD_MATCH = YES;
				"CODE_SIGN_IDENTITY[sdk=iphoneos*]" = "iPhone Developer";
				COPY_PHASE_STRIP = NO;
				ENABLE_STRICT_OBJC_MSGSEND = YES;
				GCC_C_LANGUAGE_STANDARD = gnu99;
				GCC_DYNAMIC_NO_PIC = NO;
				GCC_OPTIMIZATION_LEVEL = 0;
				GCC_PREPROCESSOR_DEFINITIONS = (
					"DEBUG=1",
					"$(inherited)",
				);
				GCC_SYMBOLS_PRIVATE_EXTERN = NO;
				GCC_WARN_64_TO_32_BIT_CONVERSION = YES;
				GCC_WARN_ABOUT_RETURN_TYPE = YES_ERROR;
				GCC_WARN_UNDECLARED_SELECTOR = YES;
				GCC_WARN_UNINITIALIZED_AUTOS = YES_AGGRESSIVE;
				GCC_WARN_UNUSED_FUNCTION = YES;
				GCC_WARN_UNUSED_VARIABLE = YES;
				IPHONEOS_DEPLOYMENT_TARGET = 8.1;
				MTL_ENABLE_DEBUG_INFO = YES;
				ONLY_ACTIVE_ARCH = YES;
				SDKROOT = iphoneos;
				SWIFT_OPTIMIZATION_LEVEL = "-Onone";
			};
			name = Debug;
		};
		1ACC2FD31A0A7EA60036C063 /* Release */ = {
			isa = XCBuildConfiguration;
			buildSettings = {
				ALWAYS_SEARCH_USER_PATHS = NO;
				CLANG_CXX_LANGUAGE_STANDARD = "gnu++0x";
				CLANG_CXX_LIBRARY = "libc++";
				CLANG_ENABLE_MODULES = YES;
				CLANG_ENABLE_OBJC_ARC = YES;
				CLANG_WARN_BOOL_CONVERSION = YES;
				CLANG_WARN_CONSTANT_CONVERSION = YES;
				CLANG_WARN_DIRECT_OBJC_ISA_USAGE = YES_ERROR;
				CLANG_WARN_EMPTY_BODY = YES;
				CLANG_WARN_ENUM_CONVERSION = YES;
				CLANG_WARN_INT_CONVERSION = YES;
				CLANG_WARN_OBJC_ROOT_CLASS = YES_ERROR;
				CLANG_WARN_UNREACHABLE_CODE = YES;
				CLANG_WARN__DUPLICATE_METHOD_MATCH = YES;
				"CODE_SIGN_IDENTITY[sdk=iphoneos*]" = "iPhone Developer";
				COPY_PHASE_STRIP = YES;
				ENABLE_NS_ASSERTIONS = NO;
				ENABLE_STRICT_OBJC_MSGSEND = YES;
				GCC_C_LANGUAGE_STANDARD = gnu99;
				GCC_WARN_64_TO_32_BIT_CONVERSION = YES;
				GCC_WARN_ABOUT_RETURN_TYPE = YES_ERROR;
				GCC_WARN_UNDECLARED_SELECTOR = YES;
				GCC_WARN_UNINITIALIZED_AUTOS = YES_AGGRESSIVE;
				GCC_WARN_UNUSED_FUNCTION = YES;
				GCC_WARN_UNUSED_VARIABLE = YES;
				IPHONEOS_DEPLOYMENT_TARGET = 8.1;
				MTL_ENABLE_DEBUG_INFO = NO;
				SDKROOT = iphoneos;
				VALIDATE_PRODUCT = YES;
			};
			name = Release;
		};
		1ACC2FD51A0A7EA60036C063 /* Debug */ = {
			isa = XCBuildConfiguration;
			buildSettings = {
				ASSETCATALOG_COMPILER_APPICON_NAME = AppIcon;
				INFOPLIST_FILE = topadmin4Swift/Info.plist;
				LD_RUNPATH_SEARCH_PATHS = "$(inherited) @executable_path/Frameworks";
				PRODUCT_NAME = "$(TARGET_NAME)";
			};
			name = Debug;
		};
		1ACC2FD61A0A7EA60036C063 /* Release */ = {
			isa = XCBuildConfiguration;
			buildSettings = {
				ASSETCATALOG_COMPILER_APPICON_NAME = AppIcon;
				INFOPLIST_FILE = topadmin4Swift/Info.plist;
				LD_RUNPATH_SEARCH_PATHS = "$(inherited) @executable_path/Frameworks";
				PRODUCT_NAME = "$(TARGET_NAME)";
			};
			name = Release;
		};
		1ACC2FD81A0A7EA60036C063 /* Debug */ = {
			isa = XCBuildConfiguration;
			buildSettings = {
				BUNDLE_LOADER = "$(TEST_HOST)";
				FRAMEWORK_SEARCH_PATHS = (
					"$(SDKROOT)/Developer/Library/Frameworks",
					"$(inherited)",
				);
				GCC_PREPROCESSOR_DEFINITIONS = (
					"DEBUG=1",
					"$(inherited)",
				);
				INFOPLIST_FILE = topadmin4SwiftTests/Info.plist;
				LD_RUNPATH_SEARCH_PATHS = "$(inherited) @executable_path/Frameworks @loader_path/Frameworks";
				PRODUCT_NAME = "$(TARGET_NAME)";
				TEST_HOST = "$(BUILT_PRODUCTS_DIR)/topadmin4Swift.app/topadmin4Swift";
			};
			name = Debug;
		};
		1ACC2FD91A0A7EA60036C063 /* Release */ = {
			isa = XCBuildConfiguration;
			buildSettings = {
				BUNDLE_LOADER = "$(TEST_HOST)";
				FRAMEWORK_SEARCH_PATHS = (
					"$(SDKROOT)/Developer/Library/Frameworks",
					"$(inherited)",
				);
				INFOPLIST_FILE = topadmin4SwiftTests/Info.plist;
				LD_RUNPATH_SEARCH_PATHS = "$(inherited) @executable_path/Frameworks @loader_path/Frameworks";
				PRODUCT_NAME = "$(TARGET_NAME)";
				TEST_HOST = "$(BUILT_PRODUCTS_DIR)/topadmin4Swift.app/topadmin4Swift";
			};
			name = Release;
		};
/* End XCBuildConfiguration section */

/* Begin XCConfigurationList section */
		1ACC2FB01A0A7EA50036C063 /* Build configuration list for PBXProject "topadmin4Swift" */ = {
			isa = XCConfigurationList;
			buildConfigurations = (
				1ACC2FD21A0A7EA60036C063 /* Debug */,
				1ACC2FD31A0A7EA60036C063 /* Release */,
			);
			defaultConfigurationIsVisible = 0;
			defaultConfigurationName = Release;
		};
		1ACC2FD41A0A7EA60036C063 /* Build configuration list for PBXNativeTarget "topadmin4Swift" */ = {
			isa = XCConfigurationList;
			buildConfigurations = (
				1ACC2FD51A0A7EA60036C063 /* Debug */,
				1ACC2FD61A0A7EA60036C063 /* Release */,
			);
			defaultConfigurationIsVisible = 0;
		};
		1ACC2FD71A0A7EA60036C063 /* Build configuration list for PBXNativeTarget "topadmin4SwiftTests" */ = {
			isa = XCConfigurationList;
			buildConfigurations = (
				1ACC2FD81A0A7EA60036C063 /* Debug */,
				1ACC2FD91A0A7EA60036C063 /* Release */,
			);
			defaultConfigurationIsVisible = 0;
		};
/* End XCConfigurationList section */
	};
	rootObject = 1ACC2FAD1A0A7EA50036C063 /* Project object */;
}
